{
    "_meta": {
        "hash": {
            "sha256": "333a743d0a04530f09be9641ac9be2445d9b55c3999c947907b4f8d85628c762"
        },
        "pipfile-spec": 6,
        "requires": {
            "python_version": "3.11"
        },
        "sources": [
            {
                "name": "pypi",
                "url": "https://pypi.org/simple",
                "verify_ssl": true
            }
        ]
    },
    "default": {
        "blinker": {
            "hashes": [
                "sha256:4afd3de66ef3a9f8067559fb7a1cbe555c17dcbe15971b05d1b625c3e7abe213",
                "sha256:c3d739772abb7bc2860abf5f2ec284223d9ad5c76da018234f6f50d6f31ab1f0"
            ],
            "markers": "python_version >= '3.7'",
            "version": "==1.6.2"
        },
        "click": {
            "hashes": [
                "sha256:7682dc8afb30297001674575ea00d1814d808d6a36af415a82bd481d37ba7b8e",
                "sha256:bb4d8133cb15a609f44e8213d9b391b0809795062913b383c62be0ee95b1db48"
            ],
            "markers": "python_version >= '3.7'",
            "version": "==8.1.3"
        },
        "flask": {
            "hashes": [
                "sha256:77fd4e1249d8c9923de34907236b747ced06e5467ecac1a7bb7115ae0e9670b0",
                "sha256:8c2f9abd47a9e8df7f0c3f091ce9497d011dc3b31effcf4c85a6e2b50f4114ef"
            ],
            "index": "pypi",
            "version": "==2.3.2"
        },
        "itsdangerous": {
            "hashes": [
                "sha256:2c2349112351b88699d8d4b6b075022c0808887cb7ad10069318a8b0bc88db44",
                "sha256:5dbbc68b317e5e42f327f9021763545dc3fc3bfe22e6deb96aaf1fc38874156a"
            ],
            "markers": "python_version >= '3.7'",
            "version": "==2.1.2"
        },
        "jinja2": {
            "hashes": [
                "sha256:31351a702a408a9e7595a8fc6150fc3f43bb6bf7e319770cbc0db9df9437e852",
                "sha256:6088930bfe239f0e6710546ab9c19c9ef35e29792895fed6e6e31a023a182a61"
            ],
            "markers": "python_version >= '3.7'",
            "version": "==3.1.2"
        },
        "markupsafe": {
            "hashes": [
                "sha256:0576fe974b40a400449768941d5d0858cc624e3249dfd1e0c33674e5c7ca7aed",
                "sha256:085fd3201e7b12809f9e6e9bc1e5c96a368c8523fad5afb02afe3c051ae4afcc",
                "sha256:090376d812fb6ac5f171e5938e82e7f2d7adc2b629101cec0db8b267815c85e2",
                "sha256:0b462104ba25f1ac006fdab8b6a01ebbfbce9ed37fd37fd4acd70c67c973e460",
                "sha256:137678c63c977754abe9086a3ec011e8fd985ab90631145dfb9294ad09c102a7",
                "sha256:1bea30e9bf331f3fef67e0a3877b2288593c98a21ccb2cf29b74c581a4eb3af0",
                "sha256:22152d00bf4a9c7c83960521fc558f55a1adbc0631fbb00a9471e097b19d72e1",
                "sha256:22731d79ed2eb25059ae3df1dfc9cb1546691cc41f4e3130fe6bfbc3ecbbecfa",
                "sha256:2298c859cfc5463f1b64bd55cb3e602528db6fa0f3cfd568d3605c50678f8f03",
                "sha256:28057e985dace2f478e042eaa15606c7efccb700797660629da387eb289b9323",
                "sha256:2e7821bffe00aa6bd07a23913b7f4e01328c3d5cc0b40b36c0bd81d362faeb65",
                "sha256:2ec4f2d48ae59bbb9d1f9d7efb9236ab81429a764dedca114f5fdabbc3788013",
                "sha256:340bea174e9761308703ae988e982005aedf427de816d1afe98147668cc03036",
                "sha256:40627dcf047dadb22cd25ea7ecfe9cbf3bbbad0482ee5920b582f3809c97654f",
                "sha256:40dfd3fefbef579ee058f139733ac336312663c6706d1163b82b3003fb1925c4",
                "sha256:4cf06cdc1dda95223e9d2d3c58d3b178aa5dacb35ee7e3bbac10e4e1faacb419",
                "sha256:50c42830a633fa0cf9e7d27664637532791bfc31c731a87b202d2d8ac40c3ea2",
                "sha256:55f44b440d491028addb3b88f72207d71eeebfb7b5dbf0643f7c023ae1fba619",
                "sha256:608e7073dfa9e38a85d38474c082d4281f4ce276ac0010224eaba11e929dd53a",
                "sha256:63ba06c9941e46fa389d389644e2d8225e0e3e5ebcc4ff1ea8506dce646f8c8a",
                "sha256:65608c35bfb8a76763f37036547f7adfd09270fbdbf96608be2bead319728fcd",
                "sha256:665a36ae6f8f20a4676b53224e33d456a6f5a72657d9c83c2aa00765072f31f7",
                "sha256:6d6607f98fcf17e534162f0709aaad3ab7a96032723d8ac8750ffe17ae5a0666",
                "sha256:7313ce6a199651c4ed9d7e4cfb4aa56fe923b1adf9af3b420ee14e6d9a73df65",
                "sha256:7668b52e102d0ed87cb082380a7e2e1e78737ddecdde129acadb0eccc5423859",
                "sha256:7df70907e00c970c60b9ef2938d894a9381f38e6b9db73c5be35e59d92e06625",
                "sha256:7e007132af78ea9df29495dbf7b5824cb71648d7133cf7848a2a5dd00d36f9ff",
                "sha256:835fb5e38fd89328e9c81067fd642b3593c33e1e17e2fdbf77f5676abb14a156",
                "sha256:8bca7e26c1dd751236cfb0c6c72d4ad61d986e9a41bbf76cb445f69488b2a2bd",
                "sha256:8db032bf0ce9022a8e41a22598eefc802314e81b879ae093f36ce9ddf39ab1ba",
                "sha256:99625a92da8229df6d44335e6fcc558a5037dd0a760e11d84be2260e6f37002f",
                "sha256:9cad97ab29dfc3f0249b483412c85c8ef4766d96cdf9dcf5a1e3caa3f3661cf1",
                "sha256:a4abaec6ca3ad8660690236d11bfe28dfd707778e2442b45addd2f086d6ef094",
                "sha256:a6e40afa7f45939ca356f348c8e23048e02cb109ced1eb8420961b2f40fb373a",
                "sha256:a6f2fcca746e8d5910e18782f976489939d54a91f9411c32051b4aab2bd7c513",
                "sha256:a806db027852538d2ad7555b203300173dd1b77ba116de92da9afbc3a3be3eed",
                "sha256:abcabc8c2b26036d62d4c746381a6f7cf60aafcc653198ad678306986b09450d",
                "sha256:b8526c6d437855442cdd3d87eede9c425c4445ea011ca38d937db299382e6fa3",
                "sha256:bb06feb762bade6bf3c8b844462274db0c76acc95c52abe8dbed28ae3d44a147",
                "sha256:c0a33bc9f02c2b17c3ea382f91b4db0e6cde90b63b296422a939886a7a80de1c",
                "sha256:c4a549890a45f57f1ebf99c067a4ad0cb423a05544accaf2b065246827ed9603",
                "sha256:ca244fa73f50a800cf8c3ebf7fd93149ec37f5cb9596aa8873ae2c1d23498601",
                "sha256:cf877ab4ed6e302ec1d04952ca358b381a882fbd9d1b07cccbfd61783561f98a",
                "sha256:d9d971ec1e79906046aa3ca266de79eac42f1dbf3612a05dc9368125952bd1a1",
                "sha256:da25303d91526aac3672ee6d49a2f3db2d9502a4a60b55519feb1a4c7714e07d",
                "sha256:e55e40ff0cc8cc5c07996915ad367fa47da6b3fc091fdadca7f5403239c5fec3",
                "sha256:f03a532d7dee1bed20bc4884194a16160a2de9ffc6354b3878ec9682bb623c54",
                "sha256:f1cd098434e83e656abf198f103a8207a8187c0fc110306691a2e94a78d0abb2",
                "sha256:f2bfb563d0211ce16b63c7cb9395d2c682a23187f54c3d79bfec33e6705473c6",
                "sha256:f8ffb705ffcf5ddd0e80b65ddf7bed7ee4f5a441ea7d3419e861a12eaf41af58"
            ],
            "markers": "python_version >= '3.7'",
            "version": "==2.1.2"
        },
        "peewee": {
            "hashes": [
                "sha256:10769981198c7311f84a0ca8db892fa213303a8eb1305deb795a71e7bd606a91"
            ],
            "index": "pypi",
            "version": "==3.16.2"
        },
        "psycopg-binary": {
            "hashes": [
                "sha256:03b08545ce1c627f4d5e6384eda2946660c4ba6ceb0a09ae47de07419f725669",
                "sha256:055537a9c20efe9bf17cb72bd879602eda71de6f737ebafa1953e017c6a37fbe",
                "sha256:058ab0d79be0b229338f0e61fec6f475077518cba63c22c593645a69f01c3e23",
                "sha256:07414daa86662f7657e9fabe49af85a32a975e92e6568337887d9c9ffedc224f",
                "sha256:09167f106e7685591b4cdf58eff0191fb7435d586f384133a0dd30df646cf409",
                "sha256:17c5d4936c746f5125c6ef9eb43655e27d4d0c9ffe34c3073878b43c3192511d",
                "sha256:1e31bac3d2d41e6446b20b591f638943328c958f4d1ce13d6f1c5db97c3a8dee",
                "sha256:2340ca2531f69e5ebd9d18987362ba57ed6ab6a271511d8026814a46a2a87b59",
                "sha256:25e3ce947aaaa1bd9f1920fca76d7281660646304f9ea5bc036b201dd8790655",
                "sha256:284038cbe3f5a0f3de417af9b5eaa2a9524a3a06211523cf245111c71b566506",
                "sha256:2f94a7985135e084e122b143956c6f589d17aef743ecd0a434a3d3a222631d5a",
                "sha256:3836bdaf030a5648bd5f5b452e4b068b265e28f9199060c5b70dbf4a218cde6e",
                "sha256:3a82e77400d1ef6c5bbcf3e600e8bdfacf1a554512f96c090c43ceca3d1ce3b6",
                "sha256:3b62545cc64dd69ea0ae5ffe18d7c97e03660ab8244aa8c5172668a21c41daa0",
                "sha256:3b816ce0e27a2a8786d34b61d3e36e01029245025879d64b88554326b794a4f0",
                "sha256:3bb86d58b90faefdc0bbedf08fdea4cc2afcb1cfa4340f027d458bfd01d8b812",
                "sha256:3d91ee0d33ac7b42d0488a9be2516efa2ec00901b81d69566ff34a7a94b66c0b",
                "sha256:4213953da44324850c8f789301cf665f46fb94301ba403301e7af58546c3a428",
                "sha256:4c1def6c2d28e257325b3b208cf1966343b498282a0f4d390fda7b7e0577da64",
                "sha256:53afb0cc2ebe74651f339e22d05ec082a0f44939715d9138d357852f074fcf55",
                "sha256:5833bda4c14f24c6a8ac08d3c5712acaa4f35aab31f9ccd2265e9e9a7d0151c8",
                "sha256:5b164355d023a91b23dcc4bb3112bc7d6e9b9c938fb5abcb6e54457d2da1f317",
                "sha256:5cdc13c8ec1437240801e43d07e27ff6479ac9dd8583ecf647345bfd2e8390e4",
                "sha256:63e8d1dbe253657c70dbfa9c59423f4654d82698fc5ed6868b8dc0765abe20b6",
                "sha256:6c696dc84f9ff155761df15779181d8e4af7746b98908e130add8259912e4bb7",
                "sha256:7b36fe4314a784fbe45c9fd71c902b9bf57341aff9b97c0cbd22f8409a271e2f",
                "sha256:81e34d6df54329424944d5ca91b1cc77df6b8a9130cb5480680d56f53d4e485c",
                "sha256:82704a899d57c29beba5399d41eab5ef5c238b810d7e25e2d1916d2b34c4b1a3",
                "sha256:87e0c97733b11eeca3d24e56df70f3f9d792b2abd46f48be2fb2348ffc3e7e39",
                "sha256:90787ac05b932c0fc678cbf470ccea9c385b8077583f0490136b4569ed3fb652",
                "sha256:96725d9691a84a21eb3e81c884a2e043054e33e176801a57a05e9ac38d142c6e",
                "sha256:98d9d156b9ada08c271a79662fc5fcc1731b4d7c1f651ef5843d818d35f15ba0",
                "sha256:9c114f678e8f4a96530fa79cfd84f65f26358ecfc6cca70cfa2d5e3ae5ef217a",
                "sha256:9c75be2a9b986139e3ff6bc0a2852081ac00811040f9b82d3aa539821311122e",
                "sha256:a207d5a7f4212443b7452851c9ccd88df9c6d4d58fa2cea2ead4dd9cb328e578",
                "sha256:a274c63c8fb9d419509bed2ef72befc1fd04243972e17e7f5afc5725cb13a560",
                "sha256:a8aaa47c1791fc05c0229ec1003dd49e13238fba9434e1fc3b879632f749c3c4",
                "sha256:b1a321ef3579a8de0545ade6ff1edfde0c88b8847d58c5615c03751c76054796",
                "sha256:b246fed629482b06f938b23e9281c4af592329daa3ec2cd4a6841ccbfdeb4d68",
                "sha256:c0b8d6bbeff1dba760a208d8bc205a05b745e6cee02b839f969f72cf56a8b80d",
                "sha256:c3a13aa022853891cadbc7256a9804e5989def760115c82334bddf0d19783b0b",
                "sha256:c7d990f14a37345ca05a5192cd5ac938c9cbedca9c929872af6ae311158feb0e",
                "sha256:ce8f4dea5934aa6c4933e559c74bef4beb3413f51fbcf17f306ce890216ac33a",
                "sha256:d2cea4bb0b19245c83486868d7c66f73238c4caa266b5b3c3d664d10dab2ab56",
                "sha256:dade344aa90bb0b57d1cfc13304ed83ab9a36614b8ddd671381b2de72fe1483d",
                "sha256:db866cc557d9761036771d666d17fa4176c537af7e6098f42a6bf8f64217935f",
                "sha256:dfe5c5c31f59ccb1d1f473466baa93d800138186286e80e251f930e49c80d208",
                "sha256:e0ca74fd85718723bb9f08e0c6898e901a0c365aef20b3c3a4ef8709125d6210",
                "sha256:e2f463079d99568a343ed0b766150b30627e9ed41de99fd82e945e7e2bec764a",
                "sha256:eab449e39db1c429cac79b7aa27e6827aad4995f32137e922db7254f43fed7b5",
                "sha256:f2cbdef6568da21c39dfd45c2074e85eabbd00e1b721832ba94980f01f582dd4",
                "sha256:f41a9e0de4db194c053bcc7c00c35422a4d19d92a8187e8065b1c560626efe35",
                "sha256:f4da4ca9b2365fc1d3fc741c3bbd3efccd892ce813444b884c8911a1acf1c932",
                "sha256:f5e36504373e5bcdc954b1da1c6fe66379007fe1e329790e8fb72b879a01e097"
            ],
            "index": "pypi",
            "version": "==3.1.9"
        },
        "werkzeug": {
            "hashes": [
                "sha256:1d5a58e0377d1fe39d061a5de4469e414e78ccb1e1e59c0f5ad6fa1c36c52b76",
                "sha256:48e5e61472fee0ddee27ebad085614ebedb7af41e88f687aaf881afb723a162f"
            ],
            "markers": "python_version >= '3.8'",
            "version": "==2.3.4"
        }
    },
    "develop": {}
}
